
Microsoft Visual Studio Solution File, Format Version 12.00
# Visual Studio Version 16
VisualStudioVersion = 16.6.30114.105
MinimumVisualStudioVersion = 10.0.40219.1
Project("{2150E333-8FDC-42A3-9474-1A3956D46DE8}") = "src", "src", "{AA265525-9B23-49DB-8465-6A57B4BD900A}"
EndProject
Project("{2150E333-8FDC-42A3-9474-1A3956D46DE8}") = "Infrastructure", "Infrastructure", "{CCD05317-95E9-4AC9-9282-8FD9458AFDED}"
EndProject
Project("{2150E333-8FDC-42A3-9474-1A3956D46DE8}") = "Presentation", "Presentation", "{F039B4A8-2718-4ED7-A36A-75BCEFC823CF}"
EndProject
Project("{FAE04EC0-301F-11D3-BF4B-00C04F79EFBC}") = "WebApp", "src\Presentation\WebApp\WebApp.csproj", "{6D21AF43-238A-493D-8600-C1B114FFC392}"
EndProject
Project("{FAE04EC0-301F-11D3-BF4B-00C04F79EFBC}") = "Persist.InMemory", "src\Infrastructure\Persist.InMemory\Persist.InMemory.csproj", "{13F9D365-A101-46D1-BA70-5E3AC8F77E1F}"
EndProject
Project("{2150E333-8FDC-42A3-9474-1A3956D46DE8}") = "Domain", "Domain", "{3277DAF0-2E13-43CF-AE1D-28BE6FFC1164}"
EndProject
Project("{FAE04EC0-301F-11D3-BF4B-00C04F79EFBC}") = "Domain.Models", "src\Domain\Domain.Models\Domain.Models.csproj", "{2F45E4DE-A208-4417-B1C8-4A557C6CE252}"
EndProject
Project("{2150E333-8FDC-42A3-9474-1A3956D46DE8}") = "ServiceContract", "ServiceContract", "{90C8F1A3-428D-4BEF-A2EA-DB6FA349550B}"
EndProject
Project("{FAE04EC0-301F-11D3-BF4B-00C04F79EFBC}") = "Services.Contract", "src\ServiceContract\Services.Contract\Services.Contract.csproj", "{504504E2-AC27-4EC4-971F-11F83F033135}"
EndProject
Project("{FAE04EC0-301F-11D3-BF4B-00C04F79EFBC}") = "Service.Contract.Models", "src\ServiceContract\Service.Contract.Models\Service.Contract.Models.csproj", "{DFA912C3-ABC3-42C5-8D44-4919017BDA7E}"
EndProject
Project("{FAE04EC0-301F-11D3-BF4B-00C04F79EFBC}") = "Persist.Cache", "src\Infrastructure\Persist.Cache\Persist.Cache.csproj", "{D7221E9F-5F6D-4103-BD08-1E714D1C1CC4}"
EndProject
Global
	GlobalSection(SolutionConfigurationPlatforms) = preSolution
		Debug|Any CPU = Debug|Any CPU
		Debug|x64 = Debug|x64
		Debug|x86 = Debug|x86
		Release|Any CPU = Release|Any CPU
		Release|x64 = Release|x64
		Release|x86 = Release|x86
	EndGlobalSection
	GlobalSection(SolutionProperties) = preSolution
		HideSolutionNode = FALSE
	EndGlobalSection
	GlobalSection(NestedProjects) = preSolution
		{CCD05317-95E9-4AC9-9282-8FD9458AFDED} = {AA265525-9B23-49DB-8465-6A57B4BD900A}
		{F039B4A8-2718-4ED7-A36A-75BCEFC823CF} = {AA265525-9B23-49DB-8465-6A57B4BD900A}
		{6D21AF43-238A-493D-8600-C1B114FFC392} = {F039B4A8-2718-4ED7-A36A-75BCEFC823CF}
		{13F9D365-A101-46D1-BA70-5E3AC8F77E1F} = {CCD05317-95E9-4AC9-9282-8FD9458AFDED}
		{3277DAF0-2E13-43CF-AE1D-28BE6FFC1164} = {AA265525-9B23-49DB-8465-6A57B4BD900A}
		{2F45E4DE-A208-4417-B1C8-4A557C6CE252} = {3277DAF0-2E13-43CF-AE1D-28BE6FFC1164}
		{90C8F1A3-428D-4BEF-A2EA-DB6FA349550B} = {AA265525-9B23-49DB-8465-6A57B4BD900A}
		{504504E2-AC27-4EC4-971F-11F83F033135} = {90C8F1A3-428D-4BEF-A2EA-DB6FA349550B}
		{DFA912C3-ABC3-42C5-8D44-4919017BDA7E} = {90C8F1A3-428D-4BEF-A2EA-DB6FA349550B}
		{D7221E9F-5F6D-4103-BD08-1E714D1C1CC4} = {CCD05317-95E9-4AC9-9282-8FD9458AFDED}
	EndGlobalSection
	GlobalSection(ProjectConfigurationPlatforms) = postSolution
		{6D21AF43-238A-493D-8600-C1B114FFC392}.Debug|Any CPU.ActiveCfg = Debug|Any CPU
		{6D21AF43-238A-493D-8600-C1B114FFC392}.Debug|Any CPU.Build.0 = Debug|Any CPU
		{6D21AF43-238A-493D-8600-C1B114FFC392}.Debug|x64.ActiveCfg = Debug|Any CPU
		{6D21AF43-238A-493D-8600-C1B114FFC392}.Debug|x64.Build.0 = Debug|Any CPU
		{6D21AF43-238A-493D-8600-C1B114FFC392}.Debug|x86.ActiveCfg = Debug|Any CPU
		{6D21AF43-238A-493D-8600-C1B114FFC392}.Debug|x86.Build.0 = Debug|Any CPU
		{6D21AF43-238A-493D-8600-C1B114FFC392}.Release|Any CPU.ActiveCfg = Release|Any CPU
		{6D21AF43-238A-493D-8600-C1B114FFC392}.Release|Any CPU.Build.0 = Release|Any CPU
		{6D21AF43-238A-493D-8600-C1B114FFC392}.Release|x64.ActiveCfg = Release|Any CPU
		{6D21AF43-238A-493D-8600-C1B114FFC392}.Release|x64.Build.0 = Release|Any CPU
		{6D21AF43-238A-493D-8600-C1B114FFC392}.Release|x86.ActiveCfg = Release|Any CPU
		{6D21AF43-238A-493D-8600-C1B114FFC392}.Release|x86.Build.0 = Release|Any CPU
		{13F9D365-A101-46D1-BA70-5E3AC8F77E1F}.Debug|Any CPU.ActiveCfg = Debug|Any CPU
		{13F9D365-A101-46D1-BA70-5E3AC8F77E1F}.Debug|Any CPU.Build.0 = Debug|Any CPU
		{13F9D365-A101-46D1-BA70-5E3AC8F77E1F}.Debug|x64.ActiveCfg = Debug|Any CPU
		{13F9D365-A101-46D1-BA70-5E3AC8F77E1F}.Debug|x64.Build.0 = Debug|Any CPU
		{13F9D365-A101-46D1-BA70-5E3AC8F77E1F}.Debug|x86.ActiveCfg = Debug|Any CPU
		{13F9D365-A101-46D1-BA70-5E3AC8F77E1F}.Debug|x86.Build.0 = Debug|Any CPU
		{13F9D365-A101-46D1-BA70-5E3AC8F77E1F}.Release|Any CPU.ActiveCfg = Release|Any CPU
		{13F9D365-A101-46D1-BA70-5E3AC8F77E1F}.Release|Any CPU.Build.0 = Release|Any CPU
		{13F9D365-A101-46D1-BA70-5E3AC8F77E1F}.Release|x64.ActiveCfg = Release|Any CPU
		{13F9D365-A101-46D1-BA70-5E3AC8F77E1F}.Release|x64.Build.0 = Release|Any CPU
		{13F9D365-A101-46D1-BA70-5E3AC8F77E1F}.Release|x86.ActiveCfg = Release|Any CPU
		{13F9D365-A101-46D1-BA70-5E3AC8F77E1F}.Release|x86.Build.0 = Release|Any CPU
		{2F45E4DE-A208-4417-B1C8-4A557C6CE252}.Debug|Any CPU.ActiveCfg = Debug|Any CPU
		{2F45E4DE-A208-4417-B1C8-4A557C6CE252}.Debug|Any CPU.Build.0 = Debug|Any CPU
		{2F45E4DE-A208-4417-B1C8-4A557C6CE252}.Debug|x64.ActiveCfg = Debug|Any CPU
		{2F45E4DE-A208-4417-B1C8-4A557C6CE252}.Debug|x64.Build.0 = Debug|Any CPU
		{2F45E4DE-A208-4417-B1C8-4A557C6CE252}.Debug|x86.ActiveCfg = Debug|Any CPU
		{2F45E4DE-A208-4417-B1C8-4A557C6CE252}.Debug|x86.Build.0 = Debug|Any CPU
		{2F45E4DE-A208-4417-B1C8-4A557C6CE252}.Release|Any CPU.ActiveCfg = Release|Any CPU
		{2F45E4DE-A208-4417-B1C8-4A557C6CE252}.Release|Any CPU.Build.0 = Release|Any CPU
		{2F45E4DE-A208-4417-B1C8-4A557C6CE252}.Release|x64.ActiveCfg = Release|Any CPU
		{2F45E4DE-A208-4417-B1C8-4A557C6CE252}.Release|x64.Build.0 = Release|Any CPU
		{2F45E4DE-A208-4417-B1C8-4A557C6CE252}.Release|x86.ActiveCfg = Release|Any CPU
		{2F45E4DE-A208-4417-B1C8-4A557C6CE252}.Release|x86.Build.0 = Release|Any CPU
		{504504E2-AC27-4EC4-971F-11F83F033135}.Debug|Any CPU.ActiveCfg = Debug|Any CPU
		{504504E2-AC27-4EC4-971F-11F83F033135}.Debug|Any CPU.Build.0 = Debug|Any CPU
		{504504E2-AC27-4EC4-971F-11F83F033135}.Debug|x64.ActiveCfg = Debug|Any CPU
		{504504E2-AC27-4EC4-971F-11F83F033135}.Debug|x64.Build.0 = Debug|Any CPU
		{504504E2-AC27-4EC4-971F-11F83F033135}.Debug|x86.ActiveCfg = Debug|Any CPU
		{504504E2-AC27-4EC4-971F-11F83F033135}.Debug|x86.Build.0 = Debug|Any CPU
		{504504E2-AC27-4EC4-971F-11F83F033135}.Release|Any CPU.ActiveCfg = Release|Any CPU
		{504504E2-AC27-4EC4-971F-11F83F033135}.Release|Any CPU.Build.0 = Release|Any CPU
		{504504E2-AC27-4EC4-971F-11F83F033135}.Release|x64.ActiveCfg = Release|Any CPU
		{504504E2-AC27-4EC4-971F-11F83F033135}.Release|x64.Build.0 = Release|Any CPU
		{504504E2-AC27-4EC4-971F-11F83F033135}.Release|x86.ActiveCfg = Release|Any CPU
		{504504E2-AC27-4EC4-971F-11F83F033135}.Release|x86.Build.0 = Release|Any CPU
		{DFA912C3-ABC3-42C5-8D44-4919017BDA7E}.Debug|Any CPU.ActiveCfg = Debug|Any CPU
		{DFA912C3-ABC3-42C5-8D44-4919017BDA7E}.Debug|Any CPU.Build.0 = Debug|Any CPU
		{DFA912C3-ABC3-42C5-8D44-4919017BDA7E}.Debug|x64.ActiveCfg = Debug|Any CPU
		{DFA912C3-ABC3-42C5-8D44-4919017BDA7E}.Debug|x64.Build.0 = Debug|Any CPU
		{DFA912C3-ABC3-42C5-8D44-4919017BDA7E}.Debug|x86.ActiveCfg = Debug|Any CPU
		{DFA912C3-ABC3-42C5-8D44-4919017BDA7E}.Debug|x86.Build.0 = Debug|Any CPU
		{DFA912C3-ABC3-42C5-8D44-4919017BDA7E}.Release|Any CPU.ActiveCfg = Release|Any CPU
		{DFA912C3-ABC3-42C5-8D44-4919017BDA7E}.Release|Any CPU.Build.0 = Release|Any CPU
		{DFA912C3-ABC3-42C5-8D44-4919017BDA7E}.Release|x64.ActiveCfg = Release|Any CPU
		{DFA912C3-ABC3-42C5-8D44-4919017BDA7E}.Release|x64.Build.0 = Release|Any CPU
		{DFA912C3-ABC3-42C5-8D44-4919017BDA7E}.Release|x86.ActiveCfg = Release|Any CPU
		{DFA912C3-ABC3-42C5-8D44-4919017BDA7E}.Release|x86.Build.0 = Release|Any CPU
		{D7221E9F-5F6D-4103-BD08-1E714D1C1CC4}.Debug|Any CPU.ActiveCfg = Debug|Any CPU
		{D7221E9F-5F6D-4103-BD08-1E714D1C1CC4}.Debug|Any CPU.Build.0 = Debug|Any CPU
		{D7221E9F-5F6D-4103-BD08-1E714D1C1CC4}.Debug|x64.ActiveCfg = Debug|Any CPU
		{D7221E9F-5F6D-4103-BD08-1E714D1C1CC4}.Debug|x64.Build.0 = Debug|Any CPU
		{D7221E9F-5F6D-4103-BD08-1E714D1C1CC4}.Debug|x86.ActiveCfg = Debug|Any CPU
		{D7221E9F-5F6D-4103-BD08-1E714D1C1CC4}.Debug|x86.Build.0 = Debug|Any CPU
		{D7221E9F-5F6D-4103-BD08-1E714D1C1CC4}.Release|Any CPU.ActiveCfg = Release|Any CPU
		{D7221E9F-5F6D-4103-BD08-1E714D1C1CC4}.Release|Any CPU.Build.0 = Release|Any CPU
		{D7221E9F-5F6D-4103-BD08-1E714D1C1CC4}.Release|x64.ActiveCfg = Release|Any CPU
		{D7221E9F-5F6D-4103-BD08-1E714D1C1CC4}.Release|x64.Build.0 = Release|Any CPU
		{D7221E9F-5F6D-4103-BD08-1E714D1C1CC4}.Release|x86.ActiveCfg = Release|Any CPU
		{D7221E9F-5F6D-4103-BD08-1E714D1C1CC4}.Release|x86.Build.0 = Release|Any CPU
	EndGlobalSection
EndGlobal
